// !$*UTF8*$!
{
	archiveVersion = 1;
	classes = {
	};
	objectVersion = 56;
	objects = {

/* Begin PBXBuildFile section */
		464370EB297C618500A0961D /* MNAPApp.swift in Sources */ = {isa = PBXBuildFile; fileRef = 464370EA297C618500A0961D /* MNAPApp.swift */; };
		464370ED297C618500A0961D /* ContentView.swift in Sources */ = {isa = PBXBuildFile; fileRef = 464370EC297C618500A0961D /* ContentView.swift */; };
		464370EF297C618500A0961D /* Assets.xcassets in Resources */ = {isa = PBXBuildFile; fileRef = 464370EE297C618500A0961D /* Assets.xcassets */; };
		464370F2297C618500A0961D /* Preview Assets.xcassets in Resources */ = {isa = PBXBuildFile; fileRef = 464370F1297C618500A0961D /* Preview Assets.xcassets */; };
		464370FD297C618500A0961D /* MNAPTests.swift in Sources */ = {isa = PBXBuildFile; fileRef = 464370FC297C618500A0961D /* MNAPTests.swift */; };
		46437107297C618500A0961D /* MNAPUITests.swift in Sources */ = {isa = PBXBuildFile; fileRef = 46437106297C618500A0961D /* MNAPUITests.swift */; };
		46437109297C618500A0961D /* MNAPUITestsLaunchTests.swift in Sources */ = {isa = PBXBuildFile; fileRef = 46437108297C618500A0961D /* MNAPUITestsLaunchTests.swift */; };
/* End PBXBuildFile section */

/* Begin PBXContainerItemProxy section */
		464370F9297C618500A0961D /* PBXContainerItemProxy */ = {
			isa = PBXContainerItemProxy;
			containerPortal = 464370DF297C618400A0961D /* Project object */;
			proxyType = 1;
			remoteGlobalIDString = 464370E6297C618500A0961D;
			remoteInfo = MNAP;
		};
		46437103297C618500A0961D /* PBXContainerItemProxy */ = {
			isa = PBXContainerItemProxy;
			containerPortal = 464370DF297C618400A0961D /* Project object */;
			proxyType = 1;
			remoteGlobalIDString = 464370E6297C618500A0961D;
			remoteInfo = MNAP;
		};
/* End PBXContainerItemProxy section */

/* Begin PBXFileReference section */
		464370E7297C618500A0961D /* MNAP.app */ = {isa = PBXFileReference; explicitFileType = wrapper.application; includeInIndex = 0; path = MNAP.app; sourceTree = BUILT_PRODUCTS_DIR; };
		464370EA297C618500A0961D /* MNAPApp.swift */ = {isa = PBXFileReference; lastKnownFileType = sourcecode.swift; path = MNAPApp.swift; sourceTree = "<group>"; };
		464370EC297C618500A0961D /* ContentView.swift */ = {isa = PBXFileReference; lastKnownFileType = sourcecode.swift; path = ContentView.swift; sourceTree = "<group>"; };
		464370EE297C618500A0961D /* Assets.xcassets */ = {isa = PBXFileReference; lastKnownFileType = folder.assetcatalog; path = Assets.xcassets; sourceTree = "<group>"; };
		464370F1297C618500A0961D /* Preview Assets.xcassets */ = {isa = PBXFileReference; lastKnownFileType = folder.assetcatalog; path = "Preview Assets.xcassets"; sourceTree = "<group>"; };
		464370F3297C618500A0961D /* MNAP.entitlements */ = {isa = PBXFileReference; lastKnownFileType = text.plist.entitlements; path = MNAP.entitlements; sourceTree = "<group>"; };
		464370F8297C618500A0961D /* MNAPTests.xctest */ = {isa = PBXFileReference; explicitFileType = wrapper.cfbundle; includeInIndex = 0; path = MNAPTests.xctest; sourceTree = BUILT_PRODUCTS_DIR; };
		464370FC297C618500A0961D /* MNAPTests.swift */ = {isa = PBXFileReference; lastKnownFileType = sourcecode.swift; path = MNAPTests.swift; sourceTree = "<group>"; };
		46437102297C618500A0961D /* MNAPUITests.xctest */ = {isa = PBXFileReference; explicitFileType = wrapper.cfbundle; includeInIndex = 0; path = MNAPUITests.xctest; sourceTree = BUILT_PRODUCTS_DIR; };
		46437106297C618500A0961D /* MNAPUITests.swift */ = {isa = PBXFileReference; lastKnownFileType = sourcecode.swift; path = MNAPUITests.swift; sourceTree = "<group>"; };
		46437108297C618500A0961D /* MNAPUITestsLaunchTests.swift */ = {isa = PBXFileReference; lastKnownFileType = sourcecode.swift; path = MNAPUITestsLaunchTests.swift; sourceTree = "<group>"; };
/* End PBXFileReference section */

/* Begin PBXFrameworksBuildPhase section */
		464370E4297C618500A0961D /* Frameworks */ = {
			isa = PBXFrameworksBuildPhase;
			buildActionMask = 2147483647;
			files = (
			);
			runOnlyForDeploymentPostprocessing = 0;
		};
		464370F5297C618500A0961D /* Frameworks */ = {
			isa = PBXFrameworksBuildPhase;
			buildActionMask = 2147483647;
			files = (
			);
			runOnlyForDeploymentPostprocessing = 0;
		};
		464370FF297C618500A0961D /* Frameworks */ = {
			isa = PBXFrameworksBuildPhase;
			buildActionMask = 2147483647;
			files = (
			);
			runOnlyForDeploymentPostprocessing = 0;
		};
/* End PBXFrameworksBuildPhase section */

/* Begin PBXGroup section */
		464370DE297C618400A0961D = {
			isa = PBXGroup;
			children = (
				464370E9297C618500A0961D /* MNAP */,
				464370FB297C618500A0961D /* MNAPTests */,
				46437105297C618500A0961D /* MNAPUITests */,
				464370E8297C618500A0961D /* Products */,
			);
			sourceTree = "<group>";
		};
		464370E8297C618500A0961D /* Products */ = {
			isa = PBXGroup;
			children = (
				464370E7297C618500A0961D /* MNAP.app */,
				464370F8297C618500A0961D /* MNAPTests.xctest */,
				46437102297C618500A0961D /* MNAPUITests.xctest */,
			);
			name = Products;
			sourceTree = "<group>";
		};
		464370E9297C618500A0961D /* MNAP */ = {
			isa = PBXGroup;
			children = (
				464370EA297C618500A0961D /* MNAPApp.swift */,
				464370EC297C618500A0961D /* ContentView.swift */,
				464370EE297C618500A0961D /* Assets.xcassets */,
				464370F3297C618500A0961D /* MNAP.entitlements */,
				464370F0297C618500A0961D /* Preview Content */,
			);
			path = MNAP;
			sourceTree = "<group>";
		};
		464370F0297C618500A0961D /* Preview Content */ = {
			isa = PBXGroup;
			children = (
				464370F1297C618500A0961D /* Preview Assets.xcassets */,
			);
			path = "Preview Content";
			sourceTree = "<group>";
		};
		464370FB297C618500A0961D /* MNAPTests */ = {
			isa = PBXGroup;
			children = (
				464370FC297C618500A0961D /* MNAPTests.swift */,
			);
			path = MNAPTests;
			sourceTree = "<group>";
		};
		46437105297C618500A0961D /* MNAPUITests */ = {
			isa = PBXGroup;
			children = (
				46437106297C618500A0961D /* MNAPUITests.swift */,
				46437108297C618500A0961D /* MNAPUITestsLaunchTests.swift */,
			);
			path = MNAPUITests;
			sourceTree = "<group>";
		};
/* End PBXGroup section */

/* Begin PBXNativeTarget section */
		464370E6297C618500A0961D /* MNAP */ = {
			isa = PBXNativeTarget;
			buildConfigurationList = 4643710C297C618500A0961D /* Build configuration list for PBXNativeTarget "MNAP" */;
			buildPhases = (
				464370E3297C618500A0961D /* Sources */,
				464370E4297C618500A0961D /* Frameworks */,
				464370E5297C618500A0961D /* Resources */,
			);
			buildRules = (
			);
			dependencies = (
			);
			name = MNAP;
			productName = MNAP;
			productReference = 464370E7297C618500A0961D /* MNAP.app */;
			productType = "com.apple.product-type.application";
		};
		464370F7297C618500A0961D /* MNAPTests */ = {
			isa = PBXNativeTarget;
			buildConfigurationList = 4643710F297C618500A0961D /* Build configuration list for PBXNativeTarget "MNAPTests" */;
			buildPhases = (
				464370F4297C618500A0961D /* Sources */,
				464370F5297C618500A0961D /* Frameworks */,
				464370F6297C618500A0961D /* Resources */,
			);
			buildRules = (
			);
			dependencies = (
				464370FA297C618500A0961D /* PBXTargetDependency */,
			);
			name = MNAPTests;
			productName = MNAPTests;
			productReference = 464370F8297C618500A0961D /* MNAPTests.xctest */;
			productType = "com.apple.product-type.bundle.unit-test";
		};
		46437101297C618500A0961D /* MNAPUITests */ = {
			isa = PBXNativeTarget;
			buildConfigurationList = 46437112297C618500A0961D /* Build configuration list for PBXNativeTarget "MNAPUITests" */;
			buildPhases = (
				464370FE297C618500A0961D /* Sources */,
				464370FF297C618500A0961D /* Frameworks */,
				46437100297C618500A0961D /* Resources */,
			);
			buildRules = (
			);
			dependencies = (
				46437104297C618500A0961D /* PBXTargetDependency */,
			);
			name = MNAPUITests;
			productName = MNAPUITests;
			productReference = 46437102297C618500A0961D /* MNAPUITests.xctest */;
			productType = "com.apple.product-type.bundle.ui-testing";
		};
/* End PBXNativeTarget section */

/* Begin PBXProject section */
		464370DF297C618400A0961D /* Project object */ = {
			isa = PBXProject;
			attributes = {
				BuildIndependentTargetsInParallel = 1;
				LastSwiftUpdateCheck = 1420;
				LastUpgradeCheck = 1420;
				TargetAttributes = {
					464370E6297C618500A0961D = {
						CreatedOnToolsVersion = 14.2;
					};
					464370F7297C618500A0961D = {
						CreatedOnToolsVersion = 14.2;
						TestTargetID = 464370E6297C618500A0961D;
					};
					46437101297C618500A0961D = {
						CreatedOnToolsVersion = 14.2;
						TestTargetID = 464370E6297C618500A0961D;
					};
				};
			};
			buildConfigurationList = 464370E2297C618400A0961D /* Build configuration list for PBXProject "MNAP" */;
			compatibilityVersion = "Xcode 14.0";
			developmentRegion = en;
			hasScannedForEncodings = 0;
			knownRegions = (
				en,
				Base,
			);
			mainGroup = 464370DE297C618400A0961D;
			productRefGroup = 464370E8297C618500A0961D /* Products */;
			projectDirPath = "";
			projectRoot = "";
			targets = (
				464370E6297C618500A0961D /* MNAP */,
				464370F7297C618500A0961D /* MNAPTests */,
				46437101297C618500A0961D /* MNAPUITests */,
			);
		};
/* End PBXProject section */

/* Begin PBXResourcesBuildPhase section */
		464370E5297C618500A0961D /* Resources */ = {
			isa = PBXResourcesBuildPhase;
			buildActionMask = 2147483647;
			files = (
				464370F2297C618500A0961D /* Preview Assets.xcassets in Resources */,
				464370EF297C618500A0961D /* Assets.xcassets in Resources */,
			);
			runOnlyForDeploymentPostprocessing = 0;
		};
		464370F6297C618500A0961D /* Resources */ = {
			isa = PBXResourcesBuildPhase;
			buildActionMask = 2147483647;
			files = (
			);
			runOnlyForDeploymentPostprocessing = 0;
		};
		46437100297C618500A0961D /* Resources */ = {
			isa = PBXResourcesBuildPhase;
			buildActionMask = 2147483647;
			files = (
			);
			runOnlyForDeploymentPostprocessing = 0;
		};
/* End PBXResourcesBuildPhase section */

/* Begin PBXSourcesBuildPhase section */
		464370E3297C618500A0961D /* Sources */ = {
			isa = PBXSourcesBuildPhase;
			buildActionMask = 2147483647;
			files = (
				464370ED297C618500A0961D /* ContentView.swift in Sources */,
				464370EB297C618500A0961D /* MNAPApp.swift in Sources */,
			);
			runOnlyForDeploymentPostprocessing = 0;
		};
		464370F4297C618500A0961D /* Sources */ = {
			isa = PBXSourcesBuildPhase;
			buildActionMask = 2147483647;
			files = (
				464370FD297C618500A0961D /* MNAPTests.swift in Sources */,
			);
			runOnlyForDeploymentPostprocessing = 0;
		};
		464370FE297C618500A0961D /* Sources */ = {
			isa = PBXSourcesBuildPhase;
			buildActionMask = 2147483647;
			files = (
				46437109297C618500A0961D /* MNAPUITestsLaunchTests.swift in Sources */,
				46437107297C618500A0961D /* MNAPUITests.swift in Sources */,
			);
			runOnlyForDeploymentPostprocessing = 0;
		};
/* End PBXSourcesBuildPhase section */

/* Begin PBXTargetDependency section */
		464370FA297C618500A0961D /* PBXTargetDependency */ = {
			isa = PBXTargetDependency;
			target = 464370E6297C618500A0961D /* MNAP */;
			targetProxy = 464370F9297C618500A0961D /* PBXContainerItemProxy */;
		};
		46437104297C618500A0961D /* PBXTargetDependency */ = {
			isa = PBXTargetDependency;
			target = 464370E6297C618500A0961D /* MNAP */;
			targetProxy = 46437103297C618500A0961D /* PBXContainerItemProxy */;
		};
/* End PBXTargetDependency section */

/* Begin XCBuildConfiguration section */
		4643710A297C618500A0961D /* Debug */ = {
			isa = XCBuildConfiguration;
			buildSettings = {
				ALWAYS_SEARCH_USER_PATHS = NO;
				CLANG_ANALYZER_NONNULL = YES;
				CLANG_ANALYZER_NUMBER_OBJECT_CONVERSION = YES_AGGRESSIVE;
				CLANG_CXX_LANGUAGE_STANDARD = "gnu++20";
				CLANG_ENABLE_MODULES = YES;
				CLANG_ENABLE_OBJC_ARC = YES;
				CLANG_ENABLE_OBJC_WEAK = YES;
				CLANG_WARN_BLOCK_CAPTURE_AUTORELEASING = YES;
				CLANG_WARN_BOOL_CONVERSION = YES;
				CLANG_WARN_COMMA = YES;
				CLANG_WARN_CONSTANT_CONVERSION = YES;
				CLANG_WARN_DEPRECATED_OBJC_IMPLEMENTATIONS = YES;
				CLANG_WARN_DIRECT_OBJC_ISA_USAGE = YES_ERROR;
				CLANG_WARN_DOCUMENTATION_COMMENTS = YES;
				CLANG_WARN_EMPTY_BODY = YES;
				CLANG_WARN_ENUM_CONVERSION = YES;
				CLANG_WARN_INFINITE_RECURSION = YES;
				CLANG_WARN_INT_CONVERSION = YES;
				CLANG_WARN_NON_LITERAL_NULL_CONVERSION = YES;
				CLANG_WARN_OBJC_IMPLICIT_RETAIN_SELF = YES;
				CLANG_WARN_OBJC_LITERAL_CONVERSION = YES;
				CLANG_WARN_OBJC_ROOT_CLASS = YES_ERROR;
				CLANG_WARN_QUOTED_INCLUDE_IN_FRAMEWORK_HEADER = YES;
				CLANG_WARN_RANGE_LOOP_ANALYSIS = YES;
				CLANG_WARN_STRICT_PROTOTYPES = YES;
				CLANG_WARN_SUSPICIOUS_MOVE = YES;
				CLANG_WARN_UNGUARDED_AVAILABILITY = YES_AGGRESSIVE;
				CLANG_WARN_UNREACHABLE_CODE = YES;
				CLANG_WARN__DUPLICATE_METHOD_MATCH = YES;
				COPY_PHASE_STRIP = NO;
				DEBUG_INFORMATION_FORMAT = dwarf;
				ENABLE_STRICT_OBJC_MSGSEND = YES;
				ENABLE_TESTABILITY = YES;
				GCC_C_LANGUAGE_STANDARD = gnu11;
				GCC_DYNAMIC_NO_PIC = NO;
				GCC_NO_COMMON_BLOCKS = YES;
				GCC_OPTIMIZATION_LEVEL = 0;
				GCC_PREPROCESSOR_DEFINITIONS = (
					"DEBUG=1",
					"$(inherited)",
				);
				GCC_WARN_64_TO_32_BIT_CONVERSION = YES;
				GCC_WARN_ABOUT_RETURN_TYPE = YES_ERROR;
				GCC_WARN_UNDECLARED_SELECTOR = YES;
				GCC_WARN_UNINITIALIZED_AUTOS = YES_AGGRESSIVE;
				GCC_WARN_UNUSED_FUNCTION = YES;
				GCC_WARN_UNUSED_VARIABLE = YES;
				MACOSX_DEPLOYMENT_TARGET = 13.1;
				MTL_ENABLE_DEBUG_INFO = INCLUDE_SOURCE;
				MTL_FAST_MATH = YES;
				ONLY_ACTIVE_ARCH = YES;
				SDKROOT = macosx;
				SWIFT_ACTIVE_COMPILATION_CONDITIONS = DEBUG;
				SWIFT_OPTIMIZATION_LEVEL = "-Onone";
			};
			name = Debug;
		};
		4643710B297C618500A0961D /* Release */ = {
			isa = XCBuildConfiguration;
			buildSettings = {
				ALWAYS_SEARCH_USER_PATHS = NO;
				CLANG_ANALYZER_NONNULL = YES;
				CLANG_ANALYZER_NUMBER_OBJECT_CONVERSION = YES_AGGRESSIVE;
				CLANG_CXX_LANGUAGE_STANDARD = "gnu++20";
				CLANG_ENABLE_MODULES = YES;
				CLANG_ENABLE_OBJC_ARC = YES;
				CLANG_ENABLE_OBJC_WEAK = YES;
				CLANG_WARN_BLOCK_CAPTURE_AUTORELEASING = YES;
				CLANG_WARN_BOOL_CONVERSION = YES;
				CLANG_WARN_COMMA = YES;
				CLANG_WARN_CONSTANT_CONVERSION = YES;
				CLANG_WARN_DEPRECATED_OBJC_IMPLEMENTATIONS = YES;
				CLANG_WARN_DIRECT_OBJC_ISA_USAGE = YES_ERROR;
				CLANG_WARN_DOCUMENTATION_COMMENTS = YES;
				CLANG_WARN_EMPTY_BODY = YES;
				CLANG_WARN_ENUM_CONVERSION = YES;
				CLANG_WARN_INFINITE_RECURSION = YES;
				CLANG_WARN_INT_CONVERSION = YES;
				CLANG_WARN_NON_LITERAL_NULL_CONVERSION = YES;
				CLANG_WARN_OBJC_IMPLICIT_RETAIN_SELF = YES;
				CLANG_WARN_OBJC_LITERAL_CONVERSION = YES;
				CLANG_WARN_OBJC_ROOT_CLASS = YES_ERROR;
				CLANG_WARN_QUOTED_INCLUDE_IN_FRAMEWORK_HEADER = YES;
				CLANG_WARN_RANGE_LOOP_ANALYSIS = YES;
				CLANG_WARN_STRICT_PROTOTYPES = YES;
				CLANG_WARN_SUSPICIOUS_MOVE = YES;
				CLANG_WARN_UNGUARDED_AVAILABILITY = YES_AGGRESSIVE;
				CLANG_WARN_UNREACHABLE_CODE = YES;
				CLANG_WARN__DUPLICATE_METHOD_MATCH = YES;
				COPY_PHASE_STRIP = NO;
				DEBUG_INFORMATION_FORMAT = "dwarf-with-dsym";
				ENABLE_NS_ASSERTIONS = NO;
				ENABLE_STRICT_OBJC_MSGSEND = YES;
				GCC_C_LANGUAGE_STANDARD = gnu11;
				GCC_NO_COMMON_BLOCKS = YES;
				GCC_WARN_64_TO_32_BIT_CONVERSION = YES;
				GCC_WARN_ABOUT_RETURN_TYPE = YES_ERROR;
				GCC_WARN_UNDECLARED_SELECTOR = YES;
				GCC_WARN_UNINITIALIZED_AUTOS = YES_AGGRESSIVE;
				GCC_WARN_UNUSED_FUNCTION = YES;
				GCC_WARN_UNUSED_VARIABLE = YES;
				MACOSX_DEPLOYMENT_TARGET = 13.1;
				MTL_ENABLE_DEBUG_INFO = NO;
				MTL_FAST_MATH = YES;
				SDKROOT = macosx;
				SWIFT_COMPILATION_MODE = wholemodule;
				SWIFT_OPTIMIZATION_LEVEL = "-O";
			};
			name = Release;
		};
		4643710D297C618500A0961D /* Debug */ = {
			isa = XCBuildConfiguration;
			buildSettings = {
				ASSETCATALOG_COMPILER_APPICON_NAME = AppIcon;
				ASSETCATALOG_COMPILER_GLOBAL_ACCENT_COLOR_NAME = AccentColor;
				CODE_SIGN_ENTITLEMENTS = MNAP/MNAP.entitlements;
				CODE_SIGN_STYLE = Automatic;
				COMBINE_HIDPI_IMAGES = YES;
				CURRENT_PROJECT_VERSION = 1;
				DEVELOPMENT_ASSET_PATHS = "\"MNAP/Preview Content\"";
				ENABLE_PREVIEWS = YES;
				GENERATE_INFOPLIST_FILE = YES;
				INFOPLIST_KEY_NSHumanReadableCopyright = "";
				LD_RUNPATH_SEARCH_PATHS = (
					"$(inherited)",
					"@executable_path/../Frameworks",
				);
				MARKETING_VERSION = 1.0;
				PRODUCT_BUNDLE_IDENTIFIER = henrigrant.MNAP;
				PRODUCT_NAME = "$(TARGET_NAME)";
				SWIFT_EMIT_LOC_STRINGS = YES;
				SWIFT_VERSION = 5.0;
			};
			name = Debug;
		};
		4643710E297C618500A0961D /* Release */ = {
			isa = XCBuildConfiguration;
			buildSettings = {
				ASSETCATALOG_COMPILER_APPICON_NAME = AppIcon;
				ASSETCATALOG_COMPILER_GLOBAL_ACCENT_COLOR_NAME = AccentColor;
				CODE_SIGN_ENTITLEMENTS = MNAP/MNAP.entitlements;
				CODE_SIGN_STYLE = Automatic;
				COMBINE_HIDPI_IMAGES = YES;
				CURRENT_PROJECT_VERSION = 1;
				DEVELOPMENT_ASSET_PATHS = "\"MNAP/Preview Content\"";
				ENABLE_PREVIEWS = YES;
				GENERATE_INFOPLIST_FILE = YES;
				INFOPLIST_KEY_NSHumanReadableCopyright = "";
				LD_RUNPATH_SEARCH_PATHS = (
					"$(inherited)",
					"@executable_path/../Frameworks",
				);
				MARKETING_VERSION = 1.0;
				PRODUCT_BUNDLE_IDENTIFIER = henrigrant.MNAP;
				PRODUCT_NAME = "$(TARGET_NAME)";
				SWIFT_EMIT_LOC_STRINGS = YES;
				SWIFT_VERSION = 5.0;
			};
			name = Release;
		};
		46437110297C618500A0961D /* Debug */ = {
			isa = XCBuildConfiguration;
			buildSettings = {
				ALWAYS_EMBED_SWIFT_STANDARD_LIBRARIES = YES;
				BUNDLE_LOADER = "$(TEST_HOST)";
				CODE_SIGN_STYLE = Automatic;
				CURRENT_PROJECT_VERSION = 1;
				GENERATE_INFOPLIST_FILE = YES;
				MACOSX_DEPLOYMENT_TARGET = 13.1;
				MARKETING_VERSION = 1.0;
				PRODUCT_BUNDLE_IDENTIFIER = henrigrant.MNAPTests;
				PRODUCT_NAME = "$(TARGET_NAME)";
				SWIFT_EMIT_LOC_STRINGS = NO;
				SWIFT_VERSION = 5.0;
				TEST_HOST = "$(BUILT_PRODUCTS_DIR)/MNAP.app/$(BUNDLE_EXECUTABLE_FOLDER_PATH)/MNAP";
			};
			name = Debug;
		};
		46437111297C618500A0961D /* Release */ = {
			isa = XCBuildConfiguration;
			buildSettings = {
				ALWAYS_EMBED_SWIFT_STANDARD_LIBRARIES = YES;
				BUNDLE_LOADER = "$(TEST_HOST)";
				CODE_SIGN_STYLE = Automatic;
				CURRENT_PROJECT_VERSION = 1;
				GENERATE_INFOPLIST_FILE = YES;
				MACOSX_DEPLOYMENT_TARGET = 13.1;
				MARKETING_VERSION = 1.0;
				PRODUCT_BUNDLE_IDENTIFIER = henrigrant.MNAPTests;
				PRODUCT_NAME = "$(TARGET_NAME)";
				SWIFT_EMIT_LOC_STRINGS = NO;
				SWIFT_VERSION = 5.0;
				TEST_HOST = "$(BUILT_PRODUCTS_DIR)/MNAP.app/$(BUNDLE_EXECUTABLE_FOLDER_PATH)/MNAP";
			};
			name = Release;
		};
		46437113297C618500A0961D /* Debug */ = {
			isa = XCBuildConfiguration;
			buildSettings = {
				ALWAYS_EMBED_SWIFT_STANDARD_LIBRARIES = YES;
				CODE_SIGN_STYLE = Automatic;
				CURRENT_PROJECT_VERSION = 1;
				GENERATE_INFOPLIST_FILE = YES;
				MARKETING_VERSION = 1.0;
				PRODUCT_BUNDLE_IDENTIFIER = henrigrant.MNAPUITests;
				PRODUCT_NAME = "$(TARGET_NAME)";
				SWIFT_EMIT_LOC_STRINGS = NO;
				SWIFT_VERSION = 5.0;
				TEST_TARGET_NAME = MNAP;
			};
			name = Debug;
		};
		46437114297C618500A0961D /* Release */ = {
			isa = XCBuildConfiguration;
			buildSettings = {
				ALWAYS_EMBED_SWIFT_STANDARD_LIBRARIES = YES;
				CODE_SIGN_STYLE = Automatic;
				CURRENT_PROJECT_VERSION = 1;
				GENERATE_INFOPLIST_FILE = YES;
				MARKETING_VERSION = 1.0;
				PRODUCT_BUNDLE_IDENTIFIER = henrigrant.MNAPUITests;
				PRODUCT_NAME = "$(TARGET_NAME)";
				SWIFT_EMIT_LOC_STRINGS = NO;
				SWIFT_VERSION = 5.0;
				TEST_TARGET_NAME = MNAP;
			};
			name = Release;
		};
/* End XCBuildConfiguration section */

/* Begin XCConfigurationList section */
		464370E2297C618400A0961D /* Build configuration list for PBXProject "MNAP" */ = {
			isa = XCConfigurationList;
			buildConfigurations = (
				4643710A297C618500A0961D /* Debug */,
				4643710B297C618500A0961D /* Release */,
			);
			defaultConfigurationIsVisible = 0;
			defaultConfigurationName = Release;
		};
		4643710C297C618500A0961D /* Build configuration list for PBXNativeTarget "MNAP" */ = {
			isa = XCConfigurationList;
			buildConfigurations = (
				4643710D297C618500A0961D /* Debug */,
				4643710E297C618500A0961D /* Release */,
			);
			defaultConfigurationIsVisible = 0;
			defaultConfigurationName = Release;
		};
		4643710F297C618500A0961D /* Build configuration list for PBXNativeTarget "MNAPTests" */ = {
			isa = XCConfigurationList;
			buildConfigurations = (
				46437110297C618500A0961D /* Debug */,
				46437111297C618500A0961D /* Release */,
			);
			defaultConfigurationIsVisible = 0;
			defaultConfigurationName = Release;
		};
		46437112297C618500A0961D /* Build configuration list for PBXNativeTarget "MNAPUITests" */ = {
			isa = XCConfigurationList;
			buildConfigurations = (
				46437113297C618500A0961D /* Debug */,
				46437114297C618500A0961D /* Release */,
			);
			defaultConfigurationIsVisible = 0;
			defaultConfigurationName = Release;
		};
/* End XCConfigurationList section */
	};
	rootObject = 464370DF297C618400A0961D /* Project object */;
}
